{
    "_readme": [
        "This file locks the dependencies of your project to a known state",
        "Read more about it at https://getcomposer.org/doc/01-basic-usage.md#installing-dependencies",
        "This file is @generated automatically"
    ],
    "content-hash": "8c0d033bc6f86d06cb4a443a5a451b35",
    "packages": [],
    "packages-dev": [],
    "aliases": [],
    "minimum-stability": "beta",
    "stability-flags": [],
    "prefer-stable": false,
    "prefer-lowest": false,
    "platform": [],
    "platform-dev": [],
    "platform-overrides": {
        "php": "7.4"
    },
    "plugin-api-version": "2.2.0"
}
